// !$*UTF8*$!
{
	archiveVersion = 1;
	classes = {
	};
	objectVersion = 48;
	objects = {

/* Begin PBXBuildFile section */
		A625FF941F95ED67001A0705 /* AppDelegate.m in Sources */ = {isa = PBXBuildFile; fileRef = A625FF931F95ED67001A0705 /* AppDelegate.m */; };
		A625FF971F95ED67001A0705 /* ViewController.m in Sources */ = {isa = PBXBuildFile; fileRef = A625FF961F95ED67001A0705 /* ViewController.m */; };
		A625FF9A1F95ED67001A0705 /* Main.storyboard in Resources */ = {isa = PBXBuildFile; fileRef = A625FF981F95ED67001A0705 /* Main.storyboard */; };
		A625FF9C1F95ED67001A0705 /* Assets.xcassets in Resources */ = {isa = PBXBuildFile; fileRef = A625FF9B1F95ED67001A0705 /* Assets.xcassets */; };
		A625FF9F1F95ED67001A0705 /* LaunchScreen.storyboard in Resources */ = {isa = PBXBuildFile; fileRef = A625FF9D1F95ED67001A0705 /* LaunchScreen.storyboard */; };
		A625FFA21F95ED67001A0705 /* main.m in Sources */ = {isa = PBXBuildFile; fileRef = A625FFA11F95ED67001A0705 /* main.m */; };
		A66922341F96FB38005BB55C /* BXHCalendarDayView.m in Sources */ = {isa = PBXBuildFile; fileRef = A669222A1F96FB38005BB55C /* BXHCalendarDayView.m */; };
		A66922351F96FB38005BB55C /* BXHCalendarLayout.m in Sources */ = {isa = PBXBuildFile; fileRef = A669222C1F96FB38005BB55C /* BXHCalendarLayout.m */; };
		A66922361F96FB38005BB55C /* BXHCalendarMonthView.m in Sources */ = {isa = PBXBuildFile; fileRef = A669222E1F96FB38005BB55C /* BXHCalendarMonthView.m */; };
		A66922371F96FB38005BB55C /* BXHCalendarView.m in Sources */ = {isa = PBXBuildFile; fileRef = A66922311F96FB38005BB55C /* BXHCalendarView.m */; };
		A66922381F96FB38005BB55C /* NSDate+BXHCategory.m in Sources */ = {isa = PBXBuildFile; fileRef = A66922331F96FB38005BB55C /* NSDate+BXHCategory.m */; };
		A669223B1F9704A8005BB55C /* BXHCalenderIndexPath.m in Sources */ = {isa = PBXBuildFile; fileRef = A669223A1F9704A8005BB55C /* BXHCalenderIndexPath.m */; };
		A669223E1F971F13005BB55C /* NSDate+BXHCalendar.m in Sources */ = {isa = PBXBuildFile; fileRef = A669223D1F971F13005BB55C /* NSDate+BXHCalendar.m */; };
		A66C74E81F9835A700884A51 /* BXHWeekendView.m in Sources */ = {isa = PBXBuildFile; fileRef = A66C74E71F9835A700884A51 /* BXHWeekendView.m */; };
		A66C74EB1F983F5D00884A51 /* BXHCalendarManager.m in Sources */ = {isa = PBXBuildFile; fileRef = A66C74EA1F983F5D00884A51 /* BXHCalendarManager.m */; };
/* End PBXBuildFile section */

/* Begin PBXFileReference section */
		A625FF8F1F95ED67001A0705 /* BXHCalendar.app */ = {isa = PBXFileReference; explicitFileType = wrapper.application; includeInIndex = 0; path = BXHCalendar.app; sourceTree = BUILT_PRODUCTS_DIR; };
		A625FF921F95ED67001A0705 /* AppDelegate.h */ = {isa = PBXFileReference; lastKnownFileType = sourcecode.c.h; path = AppDelegate.h; sourceTree = "<group>"; };
		A625FF931F95ED67001A0705 /* AppDelegate.m */ = {isa = PBXFileReference; lastKnownFileType = sourcecode.c.objc; path = AppDelegate.m; sourceTree = "<group>"; };
		A625FF951F95ED67001A0705 /* ViewController.h */ = {isa = PBXFileReference; lastKnownFileType = sourcecode.c.h; path = ViewController.h; sourceTree = "<group>"; };
		A625FF961F95ED67001A0705 /* ViewController.m */ = {isa = PBXFileReference; lastKnownFileType = sourcecode.c.objc; path = ViewController.m; sourceTree = "<group>"; };
		A625FF991F95ED67001A0705 /* Base */ = {isa = PBXFileReference; lastKnownFileType = file.storyboard; name = Base; path = Base.lproj/Main.storyboard; sourceTree = "<group>"; };
		A625FF9B1F95ED67001A0705 /* Assets.xcassets */ = {isa = PBXFileReference; lastKnownFileType = folder.assetcatalog; path = Assets.xcassets; sourceTree = "<group>"; };
		A625FF9E1F95ED67001A0705 /* Base */ = {isa = PBXFileReference; lastKnownFileType = file.storyboard; name = Base; path = Base.lproj/LaunchScreen.storyboard; sourceTree = "<group>"; };
		A625FFA01F95ED67001A0705 /* Info.plist */ = {isa = PBXFileReference; lastKnownFileType = text.plist.xml; path = Info.plist; sourceTree = "<group>"; };
		A625FFA11F95ED67001A0705 /* main.m */ = {isa = PBXFileReference; lastKnownFileType = sourcecode.c.objc; path = main.m; sourceTree = "<group>"; };
		A66922291F96FB38005BB55C /* BXHCalendarDayView.h */ = {isa = PBXFileReference; fileEncoding = 4; lastKnownFileType = sourcecode.c.h; path = BXHCalendarDayView.h; sourceTree = "<group>"; };
		A669222A1F96FB38005BB55C /* BXHCalendarDayView.m */ = {isa = PBXFileReference; fileEncoding = 4; lastKnownFileType = sourcecode.c.objc; path = BXHCalendarDayView.m; sourceTree = "<group>"; };
		A669222B1F96FB38005BB55C /* BXHCalendarLayout.h */ = {isa = PBXFileReference; fileEncoding = 4; lastKnownFileType = sourcecode.c.h; path = BXHCalendarLayout.h; sourceTree = "<group>"; };
		A669222C1F96FB38005BB55C /* BXHCalendarLayout.m */ = {isa = PBXFileReference; fileEncoding = 4; lastKnownFileType = sourcecode.c.objc; path = BXHCalendarLayout.m; sourceTree = "<group>"; };
		A669222D1F96FB38005BB55C /* BXHCalendarMonthView.h */ = {isa = PBXFileReference; fileEncoding = 4; lastKnownFileType = sourcecode.c.h; path = BXHCalendarMonthView.h; sourceTree = "<group>"; };
		A669222E1F96FB38005BB55C /* BXHCalendarMonthView.m */ = {isa = PBXFileReference; fileEncoding = 4; lastKnownFileType = sourcecode.c.objc; path = BXHCalendarMonthView.m; sourceTree = "<group>"; };
		A669222F1F96FB38005BB55C /* BXHCalendarSupport.h */ = {isa = PBXFileReference; fileEncoding = 4; lastKnownFileType = sourcecode.c.h; path = BXHCalendarSupport.h; sourceTree = "<group>"; };
		A66922301F96FB38005BB55C /* BXHCalendarView.h */ = {isa = PBXFileReference; fileEncoding = 4; lastKnownFileType = sourcecode.c.h; path = BXHCalendarView.h; sourceTree = "<group>"; };
		A66922311F96FB38005BB55C /* BXHCalendarView.m */ = {isa = PBXFileReference; fileEncoding = 4; lastKnownFileType = sourcecode.c.objc; path = BXHCalendarView.m; sourceTree = "<group>"; };
		A66922321F96FB38005BB55C /* NSDate+BXHCategory.h */ = {isa = PBXFileReference; fileEncoding = 4; lastKnownFileType = sourcecode.c.h; path = "NSDate+BXHCategory.h"; sourceTree = "<group>"; };
		A66922331F96FB38005BB55C /* NSDate+BXHCategory.m */ = {isa = PBXFileReference; fileEncoding = 4; lastKnownFileType = sourcecode.c.objc; path = "NSDate+BXHCategory.m"; sourceTree = "<group>"; };
		A66922391F9704A8005BB55C /* BXHCalenderIndexPath.h */ = {isa = PBXFileReference; lastKnownFileType = sourcecode.c.h; path = BXHCalenderIndexPath.h; sourceTree = "<group>"; };
		A669223A1F9704A8005BB55C /* BXHCalenderIndexPath.m */ = {isa = PBXFileReference; lastKnownFileType = sourcecode.c.objc; path = BXHCalenderIndexPath.m; sourceTree = "<group>"; };
		A669223C1F971F13005BB55C /* NSDate+BXHCalendar.h */ = {isa = PBXFileReference; lastKnownFileType = sourcecode.c.h; path = "NSDate+BXHCalendar.h"; sourceTree = "<group>"; };
		A669223D1F971F13005BB55C /* NSDate+BXHCalendar.m */ = {isa = PBXFileReference; lastKnownFileType = sourcecode.c.objc; path = "NSDate+BXHCalendar.m"; sourceTree = "<group>"; };
		A66C74E61F9835A700884A51 /* BXHWeekendView.h */ = {isa = PBXFileReference; lastKnownFileType = sourcecode.c.h; path = BXHWeekendView.h; sourceTree = "<group>"; };
		A66C74E71F9835A700884A51 /* BXHWeekendView.m */ = {isa = PBXFileReference; lastKnownFileType = sourcecode.c.objc; path = BXHWeekendView.m; sourceTree = "<group>"; };
		A66C74E91F983F5D00884A51 /* BXHCalendarManager.h */ = {isa = PBXFileReference; lastKnownFileType = sourcecode.c.h; path = BXHCalendarManager.h; sourceTree = "<group>"; };
		A66C74EA1F983F5D00884A51 /* BXHCalendarManager.m */ = {isa = PBXFileReference; lastKnownFileType = sourcecode.c.objc; path = BXHCalendarManager.m; sourceTree = "<group>"; };
/* End PBXFileReference section */

/* Begin PBXFrameworksBuildPhase section */
		A625FF8C1F95ED67001A0705 /* Frameworks */ = {
			isa = PBXFrameworksBuildPhase;
			buildActionMask = 2147483647;
			files = (
			);
			runOnlyForDeploymentPostprocessing = 0;
		};
/* End PBXFrameworksBuildPhase section */

/* Begin PBXGroup section */
		A625FF861F95ED67001A0705 = {
			isa = PBXGroup;
			children = (
				A625FF911F95ED67001A0705 /* BXHCalendar */,
				A625FF901F95ED67001A0705 /* Products */,
			);
			sourceTree = "<group>";
		};
		A625FF901F95ED67001A0705 /* Products */ = {
			isa = PBXGroup;
			children = (
				A625FF8F1F95ED67001A0705 /* BXHCalendar.app */,
			);
			name = Products;
			sourceTree = "<group>";
		};
		A625FF911F95ED67001A0705 /* BXHCalendar */ = {
			isa = PBXGroup;
			children = (
				A66922281F96FB38005BB55C /* BXHCalendar */,
				A625FF921F95ED67001A0705 /* AppDelegate.h */,
				A625FF931F95ED67001A0705 /* AppDelegate.m */,
				A625FF951F95ED67001A0705 /* ViewController.h */,
				A625FF961F95ED67001A0705 /* ViewController.m */,
				A625FF981F95ED67001A0705 /* Main.storyboard */,
				A625FF9B1F95ED67001A0705 /* Assets.xcassets */,
				A625FF9D1F95ED67001A0705 /* LaunchScreen.storyboard */,
				A625FFA01F95ED67001A0705 /* Info.plist */,
				A625FFA11F95ED67001A0705 /* main.m */,
			);
			path = BXHCalendar;
			sourceTree = "<group>";
		};
		A66922281F96FB38005BB55C /* BXHCalendar */ = {
			isa = PBXGroup;
			children = (
				A66922301F96FB38005BB55C /* BXHCalendarView.h */,
				A66922311F96FB38005BB55C /* BXHCalendarView.m */,
				A66C74E61F9835A700884A51 /* BXHWeekendView.h */,
				A66C74E71F9835A700884A51 /* BXHWeekendView.m */,
				A669222D1F96FB38005BB55C /* BXHCalendarMonthView.h */,
				A669222E1F96FB38005BB55C /* BXHCalendarMonthView.m */,
				A66922291F96FB38005BB55C /* BXHCalendarDayView.h */,
				A669222A1F96FB38005BB55C /* BXHCalendarDayView.m */,
				A669222B1F96FB38005BB55C /* BXHCalendarLayout.h */,
				A669222C1F96FB38005BB55C /* BXHCalendarLayout.m */,
				A66922391F9704A8005BB55C /* BXHCalenderIndexPath.h */,
				A669223A1F9704A8005BB55C /* BXHCalenderIndexPath.m */,
				A66C74E91F983F5D00884A51 /* BXHCalendarManager.h */,
				A66C74EA1F983F5D00884A51 /* BXHCalendarManager.m */,
				A669222F1F96FB38005BB55C /* BXHCalendarSupport.h */,
				A66922321F96FB38005BB55C /* NSDate+BXHCategory.h */,
				A66922331F96FB38005BB55C /* NSDate+BXHCategory.m */,
				A669223C1F971F13005BB55C /* NSDate+BXHCalendar.h */,
				A669223D1F971F13005BB55C /* NSDate+BXHCalendar.m */,
			);
			path = BXHCalendar;
			sourceTree = "<group>";
		};
/* End PBXGroup section */

/* Begin PBXNativeTarget section */
		A625FF8E1F95ED67001A0705 /* BXHCalendar */ = {
			isa = PBXNativeTarget;
			buildConfigurationList = A625FFA51F95ED67001A0705 /* Build configuration list for PBXNativeTarget "BXHCalendar" */;
			buildPhases = (
				A625FF8B1F95ED67001A0705 /* Sources */,
				A625FF8C1F95ED67001A0705 /* Frameworks */,
				A625FF8D1F95ED67001A0705 /* Resources */,
			);
			buildRules = (
			);
			dependencies = (
			);
			name = BXHCalendar;
			productName = BXHCalendar;
			productReference = A625FF8F1F95ED67001A0705 /* BXHCalendar.app */;
			productType = "com.apple.product-type.application";
		};
/* End PBXNativeTarget section */

/* Begin PBXProject section */
		A625FF871F95ED67001A0705 /* Project object */ = {
			isa = PBXProject;
			attributes = {
				LastUpgradeCheck = 0900;
				ORGANIZATIONNAME = "步晓虎";
				TargetAttributes = {
					A625FF8E1F95ED67001A0705 = {
						CreatedOnToolsVersion = 9.0;
						ProvisioningStyle = Manual;
					};
				};
			};
			buildConfigurationList = A625FF8A1F95ED67001A0705 /* Build configuration list for PBXProject "BXHCalendar" */;
			compatibilityVersion = "Xcode 8.0";
			developmentRegion = en;
			hasScannedForEncodings = 0;
			knownRegions = (
				en,
				Base,
			);
			mainGroup = A625FF861F95ED67001A0705;
			productRefGroup = A625FF901F95ED67001A0705 /* Products */;
			projectDirPath = "";
			projectRoot = "";
			targets = (
				A625FF8E1F95ED67001A0705 /* BXHCalendar */,
			);
		};
/* End PBXProject section */

/* Begin PBXResourcesBuildPhase section */
		A625FF8D1F95ED67001A0705 /* Resources */ = {
			isa = PBXResourcesBuildPhase;
			buildActionMask = 2147483647;
			files = (
				A625FF9F1F95ED67001A0705 /* LaunchScreen.storyboard in Resources */,
				A625FF9C1F95ED67001A0705 /* Assets.xcassets in Resources */,
				A625FF9A1F95ED67001A0705 /* Main.storyboard in Resources */,
			);
			runOnlyForDeploymentPostprocessing = 0;
		};
/* End PBXResourcesBuildPhase section */

/* Begin PBXSourcesBuildPhase section */
		A625FF8B1F95ED67001A0705 /* Sources */ = {
			isa = PBXSourcesBuildPhase;
			buildActionMask = 2147483647;
			files = (
				A66922341F96FB38005BB55C /* BXHCalendarDayView.m in Sources */,
				A669223E1F971F13005BB55C /* NSDate+BXHCalendar.m in Sources */,
				A66C74EB1F983F5D00884A51 /* BXHCalendarManager.m in Sources */,
				A66922381F96FB38005BB55C /* NSDate+BXHCategory.m in Sources */,
				A625FF971F95ED67001A0705 /* ViewController.m in Sources */,
				A625FFA21F95ED67001A0705 /* main.m in Sources */,
				A66C74E81F9835A700884A51 /* BXHWeekendView.m in Sources */,
				A625FF941F95ED67001A0705 /* AppDelegate.m in Sources */,
				A66922361F96FB38005BB55C /* BXHCalendarMonthView.m in Sources */,
				A66922371F96FB38005BB55C /* BXHCalendarView.m in Sources */,
				A66922351F96FB38005BB55C /* BXHCalendarLayout.m in Sources */,
				A669223B1F9704A8005BB55C /* BXHCalenderIndexPath.m in Sources */,
			);
			runOnlyForDeploymentPostprocessing = 0;
		};
/* End PBXSourcesBuildPhase section */

/* Begin PBXVariantGroup section */
		A625FF981F95ED67001A0705 /* Main.storyboard */ = {
			isa = PBXVariantGroup;
			children = (
				A625FF991F95ED67001A0705 /* Base */,
			);
			name = Main.storyboard;
			sourceTree = "<group>";
		};
		A625FF9D1F95ED67001A0705 /* LaunchScreen.storyboard */ = {
			isa = PBXVariantGroup;
			children = (
				A625FF9E1F95ED67001A0705 /* Base */,
			);
			name = LaunchScreen.storyboard;
			sourceTree = "<group>";
		};
/* End PBXVariantGroup section */

/* Begin XCBuildConfiguration section */
		A625FFA31F95ED67001A0705 /* Debug */ = {
			isa = XCBuildConfiguration;
			buildSettings = {
				ALWAYS_SEARCH_USER_PATHS = NO;
				CLANG_ANALYZER_NONNULL = YES;
				CLANG_ANALYZER_NUMBER_OBJECT_CONVERSION = YES_AGGRESSIVE;
				CLANG_CXX_LANGUAGE_STANDARD = "gnu++14";
				CLANG_CXX_LIBRARY = "libc++";
				CLANG_ENABLE_MODULES = YES;
				CLANG_ENABLE_OBJC_ARC = YES;
				CLANG_WARN_BLOCK_CAPTURE_AUTORELEASING = YES;
				CLANG_WARN_BOOL_CONVERSION = YES;
				CLANG_WARN_COMMA = YES;
				CLANG_WARN_CONSTANT_CONVERSION = YES;
				CLANG_WARN_DIRECT_OBJC_ISA_USAGE = YES_ERROR;
				CLANG_WARN_DOCUMENTATION_COMMENTS = YES;
				CLANG_WARN_EMPTY_BODY = YES;
				CLANG_WARN_ENUM_CONVERSION = YES;
				CLANG_WARN_INFINITE_RECURSION = YES;
				CLANG_WARN_INT_CONVERSION = YES;
				CLANG_WARN_NON_LITERAL_NULL_CONVERSION = YES;
				CLANG_WARN_OBJC_LITERAL_CONVERSION = YES;
				CLANG_WARN_OBJC_ROOT_CLASS = YES_ERROR;
				CLANG_WARN_RANGE_LOOP_ANALYSIS = YES;
				CLANG_WARN_STRICT_PROTOTYPES = YES;
				CLANG_WARN_SUSPICIOUS_MOVE = YES;
				CLANG_WARN_UNGUARDED_AVAILABILITY = YES_AGGRESSIVE;
				CLANG_WARN_UNREACHABLE_CODE = YES;
				CLANG_WARN__DUPLICATE_METHOD_MATCH = YES;
				CODE_SIGN_IDENTITY = "iPhone Developer";
				COPY_PHASE_STRIP = NO;
				DEBUG_INFORMATION_FORMAT = dwarf;
				ENABLE_STRICT_OBJC_MSGSEND = YES;
				ENABLE_TESTABILITY = YES;
				GCC_C_LANGUAGE_STANDARD = gnu11;
				GCC_DYNAMIC_NO_PIC = NO;
				GCC_NO_COMMON_BLOCKS = YES;
				GCC_OPTIMIZATION_LEVEL = 0;
				GCC_PREPROCESSOR_DEFINITIONS = (
					"DEBUG=1",
					"$(inherited)",
				);
				GCC_WARN_64_TO_32_BIT_CONVERSION = YES;
				GCC_WARN_ABOUT_RETURN_TYPE = YES_ERROR;
				GCC_WARN_UNDECLARED_SELECTOR = YES;
				GCC_WARN_UNINITIALIZED_AUTOS = YES_AGGRESSIVE;
				GCC_WARN_UNUSED_FUNCTION = YES;
				GCC_WARN_UNUSED_VARIABLE = YES;
				IPHONEOS_DEPLOYMENT_TARGET = 11.0;
				MTL_ENABLE_DEBUG_INFO = YES;
				ONLY_ACTIVE_ARCH = YES;
				SDKROOT = iphoneos;
			};
			name = Debug;
		};
		A625FFA41F95ED67001A0705 /* Release */ = {
			isa = XCBuildConfiguration;
			buildSettings = {
				ALWAYS_SEARCH_USER_PATHS = NO;
				CLANG_ANALYZER_NONNULL = YES;
				CLANG_ANALYZER_NUMBER_OBJECT_CONVERSION = YES_AGGRESSIVE;
				CLANG_CXX_LANGUAGE_STANDARD = "gnu++14";
				CLANG_CXX_LIBRARY = "libc++";
				CLANG_ENABLE_MODULES = YES;
				CLANG_ENABLE_OBJC_ARC = YES;
				CLANG_WARN_BLOCK_CAPTURE_AUTORELEASING = YES;
				CLANG_WARN_BOOL_CONVERSION = YES;
				CLANG_WARN_COMMA = YES;
				CLANG_WARN_CONSTANT_CONVERSION = YES;
				CLANG_WARN_DIRECT_OBJC_ISA_USAGE = YES_ERROR;
				CLANG_WARN_DOCUMENTATION_COMMENTS = YES;
				CLANG_WARN_EMPTY_BODY = YES;
				CLANG_WARN_ENUM_CONVERSION = YES;
				CLANG_WARN_INFINITE_RECURSION = YES;
				CLANG_WARN_INT_CONVERSION = YES;
				CLANG_WARN_NON_LITERAL_NULL_CONVERSION = YES;
				CLANG_WARN_OBJC_LITERAL_CONVERSION = YES;
				CLANG_WARN_OBJC_ROOT_CLASS = YES_ERROR;
				CLANG_WARN_RANGE_LOOP_ANALYSIS = YES;
				CLANG_WARN_STRICT_PROTOTYPES = YES;
				CLANG_WARN_SUSPICIOUS_MOVE = YES;
				CLANG_WARN_UNGUARDED_AVAILABILITY = YES_AGGRESSIVE;
				CLANG_WARN_UNREACHABLE_CODE = YES;
				CLANG_WARN__DUPLICATE_METHOD_MATCH = YES;
				CODE_SIGN_IDENTITY = "iPhone Developer";
				COPY_PHASE_STRIP = NO;
				DEBUG_INFORMATION_FORMAT = "dwarf-with-dsym";
				ENABLE_NS_ASSERTIONS = NO;
				ENABLE_STRICT_OBJC_MSGSEND = YES;
				GCC_C_LANGUAGE_STANDARD = gnu11;
				GCC_NO_COMMON_BLOCKS = YES;
				GCC_WARN_64_TO_32_BIT_CONVERSION = YES;
				GCC_WARN_ABOUT_RETURN_TYPE = YES_ERROR;
				GCC_WARN_UNDECLARED_SELECTOR = YES;
				GCC_WARN_UNINITIALIZED_AUTOS = YES_AGGRESSIVE;
				GCC_WARN_UNUSED_FUNCTION = YES;
				GCC_WARN_UNUSED_VARIABLE = YES;
				IPHONEOS_DEPLOYMENT_TARGET = 11.0;
				MTL_ENABLE_DEBUG_INFO = NO;
				SDKROOT = iphoneos;
				VALIDATE_PRODUCT = YES;
			};
			name = Release;
		};
		A625FFA61F95ED67001A0705 /* Debug */ = {
			isa = XCBuildConfiguration;
			buildSettings = {
				ASSETCATALOG_COMPILER_APPICON_NAME = AppIcon;
				CODE_SIGN_IDENTITY = "iPhone Developer: yuan zhang (U68KT4E258)";
				CODE_SIGN_STYLE = Manual;
				DEVELOPMENT_TEAM = QFP84G5G54;
				INFOPLIST_FILE = BXHCalendar/Info.plist;
				LD_RUNPATH_SEARCH_PATHS = "$(inherited) @executable_path/Frameworks";
				PRODUCT_BUNDLE_IDENTIFIER = com.onlineEducationParents.shengzheyuan;
				PRODUCT_NAME = "$(TARGET_NAME)";
				PROVISIONING_PROFILE = "de0641b6-7987-4950-845e-5caddf4228c4";
				PROVISIONING_PROFILE_SPECIFIER = "";
				TARGETED_DEVICE_FAMILY = "1,2";
			};
			name = Debug;
		};
		A625FFA71F95ED67001A0705 /* Release */ = {
			isa = XCBuildConfiguration;
			buildSettings = {
				ASSETCATALOG_COMPILER_APPICON_NAME = AppIcon;
				CODE_SIGN_IDENTITY = "iPhone Developer: yuan zhang (U68KT4E258)";
				CODE_SIGN_STYLE = Manual;
				DEVELOPMENT_TEAM = QFP84G5G54;
				INFOPLIST_FILE = BXHCalendar/Info.plist;
				LD_RUNPATH_SEARCH_PATHS = "$(inherited) @executable_path/Frameworks";
				PRODUCT_BUNDLE_IDENTIFIER = com.onlineEducationParents.shengzheyuan;
				PRODUCT_NAME = "$(TARGET_NAME)";
				PROVISIONING_PROFILE = "de0641b6-7987-4950-845e-5caddf4228c4";
				PROVISIONING_PROFILE_SPECIFIER = "";
				TARGETED_DEVICE_FAMILY = "1,2";
			};
			name = Release;
		};
/* End XCBuildConfiguration section */

/* Begin XCConfigurationList section */
		A625FF8A1F95ED67001A0705 /* Build configuration list for PBXProject "BXHCalendar" */ = {
			isa = XCConfigurationList;
			buildConfigurations = (
				A625FFA31F95ED67001A0705 /* Debug */,
				A625FFA41F95ED67001A0705 /* Release */,
			);
			defaultConfigurationIsVisible = 0;
			defaultConfigurationName = Release;
		};
		A625FFA51F95ED67001A0705 /* Build configuration list for PBXNativeTarget "BXHCalendar" */ = {
			isa = XCConfigurationList;
			buildConfigurations = (
				A625FFA61F95ED67001A0705 /* Debug */,
				A625FFA71F95ED67001A0705 /* Release */,
			);
			defaultConfigurationIsVisible = 0;
			defaultConfigurationName = Release;
		};
/* End XCConfigurationList section */
	};
	rootObject = A625FF871F95ED67001A0705 /* Project object */;
}
